# THIS IS AN AUTOGENERATED FILE. DO NOT EDIT THIS FILE DIRECTLY.
# yarn lockfile v1


"@alita/react@^0.1.0":
  version "0.1.0"
  resolved "https://registry.yarnpkg.com/@alita/react/-/react-0.1.0.tgz#7ee96a725b525cb77526ccfe0d6da0156ddf6683"
  integrity sha512-LVIFPC3A18rRjFJGFnnczo5aGYzn0d5S7BqHqFJ9VtV7EjlbzohYmvOBTrswZy3kIZ8L2DfHp+BNeyWdUlr1OQ==
  dependencies:
    yinhu "0.1.0"

"@stencil/core@^2.5.0", "@stencil/core@^2.6.0":
  version "2.6.0"
  resolved "https://registry.yarnpkg.com/@stencil/core/-/core-2.6.0.tgz#29da96d8b6fc83e689b9f297ef3e8b59b90a676a"
  integrity sha512-QsxWayZyusnqSZrlCl81R71rA3KqFjVVQSH4E0rGN15F1GdQaFonKlHLyCOLKLig1zzC+DQkLLiUuocexuvdeQ==

ionicons@^5.5.2:
  version "5.5.3"
  resolved "https://registry.yarnpkg.com/ionicons/-/ionicons-5.5.3.tgz#33cfc4c8a590ac45895f2b10309ef4586ed244c1"
  integrity sha512-L71djrMi8pAad66tpwdnO1vwcyluCFvehzxU1PpH1k/HpYBZhZ5IaYhqXipmqUvu5aEbd4cbRguYyI5Fd4bxTw==
  dependencies:
    "@stencil/core" "^2.5.0"

yinhu@0.1.0:
  version "0.1.0"
  resolved "https://registry.yarnpkg.com/yinhu/-/yinhu-0.1.0.tgz#dff82afec437c7c97cd93eb9326c1ae22e92a8d0"
  integrity sha512-szrGjL04wOaaeTCpOkoj8VgqQmWSTl5rwUlVI5d18Yj5gjzBU50OcGyyqgVr5j3cBCzwjZLqkAWn/a185rPffQ==
  dependencies:
    "@stencil/core" "^2.6.0"
    ionicons "^5.5.2"
